
Microsoft Visual Studio Solution File, Format Version 12.00
# Visual Studio 15
VisualStudioVersion = 15.0.26124.0
MinimumVisualStudioVersion = 15.0.26124.0
Project("{9A19103F-16F7-4668-BE54-9A1E7A4F7556}") = "jkerak.emailsender", "jkerak.emailsender\jkerak.emailsender.csproj", "{ABA9D630-88EF-4EF8-B16F-BC0B7ADB765A}"
EndProject
Global
	GlobalSection(SolutionConfigurationPlatforms) = preSolution
		Debug|Any CPU = Debug|Any CPU
		Debug|x64 = Debug|x64
		Debug|x86 = Debug|x86
		Release|Any CPU = Release|Any CPU
		Release|x64 = Release|x64
		Release|x86 = Release|x86
	EndGlobalSection
	GlobalSection(ProjectConfigurationPlatforms) = postSolution
		{ABA9D630-88EF-4EF8-B16F-BC0B7ADB765A}.Debug|Any CPU.ActiveCfg = Debug|Any CPU
		{ABA9D630-88EF-4EF8-B16F-BC0B7ADB765A}.Debug|Any CPU.Build.0 = Debug|Any CPU
		{ABA9D630-88EF-4EF8-B16F-BC0B7ADB765A}.Debug|x64.ActiveCfg = Debug|Any CPU
		{ABA9D630-88EF-4EF8-B16F-BC0B7ADB765A}.Debug|x64.Build.0 = Debug|Any CPU
		{ABA9D630-88EF-4EF8-B16F-BC0B7ADB765A}.Debug|x86.ActiveCfg = Debug|Any CPU
		{ABA9D630-88EF-4EF8-B16F-BC0B7ADB765A}.Debug|x86.Build.0 = Debug|Any CPU
		{ABA9D630-88EF-4EF8-B16F-BC0B7ADB765A}.Release|Any CPU.ActiveCfg = Release|Any CPU
		{ABA9D630-88EF-4EF8-B16F-BC0B7ADB765A}.Release|Any CPU.Build.0 = Release|Any CPU
		{ABA9D630-88EF-4EF8-B16F-BC0B7ADB765A}.Release|x64.ActiveCfg = Release|Any CPU
		{ABA9D630-88EF-4EF8-B16F-BC0B7ADB765A}.Release|x64.Build.0 = Release|Any CPU
		{ABA9D630-88EF-4EF8-B16F-BC0B7ADB765A}.Release|x86.ActiveCfg = Release|Any CPU
		{ABA9D630-88EF-4EF8-B16F-BC0B7ADB765A}.Release|x86.Build.0 = Release|Any CPU
	EndGlobalSection
	GlobalSection(SolutionProperties) = preSolution
		HideSolutionNode = FALSE
	EndGlobalSection
	GlobalSection(ExtensibilityGlobals) = postSolution
		SolutionGuid = {C95F24C4-88F1-44AE-852E-D6A48B62A7CF}
	EndGlobalSection
EndGlobal
